{
  "name": "dnd-puzzle-server",
  "lockfileVersion": 3,
  "requires": true,
  "packages": {
    "": {
      "devDependencies": {
        "@tsconfig/node24": "^24.0.4"
      }
    },
    "node_modules/@tsconfig/node24": {
      "version": "24.0.4",
      "resolved": "https://registry.npmjs.org/@tsconfig/node24/-/node24-24.0.4.tgz",
      "integrity": "sha512-2A933l5P5oCbv6qSxHs7ckKwobs8BDAe9SJ/Xr2Hy+nDlwmLE1GhFh/g/vXGRZWgxBg9nX/5piDtHR9Dkw/XuA==",
      "dev": true,
      "license": "MIT"
    }
  }
}
